
Microsoft Visual Studio Solution File, Format Version 12.00
# Visual Studio Version 16
VisualStudioVersion = 16.0.28803.156
MinimumVisualStudioVersion = 10.0.40219.1
Project("{8BC9CEB8-8B4A-11D0-8D11-00A0C91BC942}") = "OBJ_Parser", "OBJ_Parser\OBJ_Parser.vcxproj", "{9327B5A1-8E34-410C-9C16-3E4D0B80E6D4}"
EndProject
Global
	GlobalSection(SolutionConfigurationPlatforms) = preSolution
		Debug|Win32 = Debug|Win32
		Release|Win32 = Release|Win32
	EndGlobalSection
	GlobalSection(ProjectConfigurationPlatforms) = postSolution
		{9327B5A1-8E34-410C-9C16-3E4D0B80E6D4}.Debug|Win32.ActiveCfg = Debug|Win32
		{9327B5A1-8E34-410C-9C16-3E4D0B80E6D4}.Debug|Win32.Build.0 = Debug|Win32
		{9327B5A1-8E34-410C-9C16-3E4D0B80E6D4}.Release|Win32.ActiveCfg = Release|Win32
		{9327B5A1-8E34-410C-9C16-3E4D0B80E6D4}.Release|Win32.Build.0 = Release|Win32
	EndGlobalSection
	GlobalSection(SolutionProperties) = preSolution
		HideSolutionNode = FALSE
	EndGlobalSection
	GlobalSection(ExtensibilityGlobals) = postSolution
		SolutionGuid = {099DA131-8528-4BF6-A81C-6279594EB66E}
	EndGlobalSection
EndGlobal
